
Microsoft Visual Studio Solution File, Format Version 12.00
# Visual Studio Version 16
VisualStudioVersion = 16.0.33130.400
MinimumVisualStudioVersion = 10.0.40219.1
Project("{FAE04EC0-301F-11D3-BF4B-00C04F79EFBC}") = "Log Lookup Tool", "Log Lookup Tool\Log Lookup Tool.csproj", "{E177A18D-2F0C-45CA-AD82-EF104C2E1B13}"
EndProject
Project("{2150E333-8FDC-42A3-9474-1A3956D46DE8}") = "Solution Items", "Solution Items", "{87BFC354-C59C-4AA2-A3D9-E2C62DA8E004}"
	ProjectSection(SolutionItems) = preProject
		.editorconfig = .editorconfig
	EndProjectSection
EndProject
Project("{FAE04EC0-301F-11D3-BF4B-00C04F79EFBC}") = "CACScan", "..\CACScan\CACScan.csproj", "{ACB36884-FD30-4B47-9A7B-AA8977D06A93}"
EndProject
Global
	GlobalSection(SolutionConfigurationPlatforms) = preSolution
		Debug|Any CPU = Debug|Any CPU
		Debug|x64 = Debug|x64
		Release|Any CPU = Release|Any CPU
		Release|x64 = Release|x64
	EndGlobalSection
	GlobalSection(ProjectConfigurationPlatforms) = postSolution
		{E177A18D-2F0C-45CA-AD82-EF104C2E1B13}.Debug|Any CPU.ActiveCfg = Debug|Any CPU
		{E177A18D-2F0C-45CA-AD82-EF104C2E1B13}.Debug|Any CPU.Build.0 = Debug|Any CPU
		{E177A18D-2F0C-45CA-AD82-EF104C2E1B13}.Debug|x64.ActiveCfg = Debug|x64
		{E177A18D-2F0C-45CA-AD82-EF104C2E1B13}.Debug|x64.Build.0 = Debug|x64
		{E177A18D-2F0C-45CA-AD82-EF104C2E1B13}.Release|Any CPU.ActiveCfg = Release|Any CPU
		{E177A18D-2F0C-45CA-AD82-EF104C2E1B13}.Release|Any CPU.Build.0 = Release|Any CPU
		{E177A18D-2F0C-45CA-AD82-EF104C2E1B13}.Release|x64.ActiveCfg = Release|x64
		{E177A18D-2F0C-45CA-AD82-EF104C2E1B13}.Release|x64.Build.0 = Release|x64
		{ACB36884-FD30-4B47-9A7B-AA8977D06A93}.Debug|Any CPU.ActiveCfg = Debug|Any CPU
		{ACB36884-FD30-4B47-9A7B-AA8977D06A93}.Debug|Any CPU.Build.0 = Debug|Any CPU
		{ACB36884-FD30-4B47-9A7B-AA8977D06A93}.Debug|x64.ActiveCfg = Debug|Any CPU
		{ACB36884-FD30-4B47-9A7B-AA8977D06A93}.Debug|x64.Build.0 = Debug|Any CPU
		{ACB36884-FD30-4B47-9A7B-AA8977D06A93}.Release|Any CPU.ActiveCfg = Release|Any CPU
		{ACB36884-FD30-4B47-9A7B-AA8977D06A93}.Release|Any CPU.Build.0 = Release|Any CPU
		{ACB36884-FD30-4B47-9A7B-AA8977D06A93}.Release|x64.ActiveCfg = Release|Any CPU
		{ACB36884-FD30-4B47-9A7B-AA8977D06A93}.Release|x64.Build.0 = Release|Any CPU
	EndGlobalSection
	GlobalSection(SolutionProperties) = preSolution
		HideSolutionNode = FALSE
	EndGlobalSection
	GlobalSection(ExtensibilityGlobals) = postSolution
		SolutionGuid = {EA9EFB61-B740-4198-899D-D5868D8BA6F8}
	EndGlobalSection
EndGlobal
